github.com/crisostomi/wowchemy-widget-about v0.0.0-20211102104548-1ec3adc06414 h1:vDfUu3dP358QRHLjaLbIjg2BceN8bmoYDMDAHpj41k8=
github.com/crisostomi/wowchemy-widget-about v0.0.0-20211102104548-1ec3adc06414/go.mod h1:jYu/2et+FTQyrD3VnkVKqvJZ7S3+2cZXOJy9Y+yqcK8=
github.com/wowchemy/wowchemy-hugo-modules/wowchemy-cms/v5 v5.0.0-20211101184241-0d9799143003 h1:Pco6pE++li0Qdea2htNRHwYVdj0oEBc19Tci6q0hyp0=
github.com/wowchemy/wowchemy-hugo-modules/wowchemy-cms/v5 v5.0.0-20211101184241-0d9799143003/go.mod h1:Sp/AKo+2HAPi/IPHp1MEdKPmee+mzO5+efUBUPLPqPE=
github.com/wowchemy/wowchemy-hugo-modules/wowchemy/v5 v5.0.0-20211101184241-0d9799143003 h1:HZrq3EFKoTLZoQXQx8PJU3NP6EFjW+JGkAx4LfBLHYo=
github.com/wowchemy/wowchemy-hugo-modules/wowchemy/v5 v5.0.0-20211101184241-0d9799143003/go.mod h1:2iL9rdrUYyJXX2BeHKfK+QbqZlubCsaR60nQ87NRQTY=
